{
    "name": "sqf",
    "version": "0.16.1",
    "lockfileVersion": 2,
    "requires": true,
    "packages": {
        "": {
            "name": "sqf",
            "version": "0.16.1",
            "license": "GPL-3.0-or-later",
            "engines": {
                "vscode": "*"
            }
        }
    }
}
